
Microsoft Visual Studio Solution File, Format Version 12.00
# Visual Studio 15
VisualStudioVersion = 15.0.27428.2015
MinimumVisualStudioVersion = 10.0.40219.1
Project("{FAE04EC0-301F-11D3-BF4B-00C04F79EFBC}") = "Sochckr.Web", "Sochckr.Web\Sochckr.Web.csproj", "{C103107D-167A-4770-96F2-D8499EEC6536}"
EndProject
Project("{FAE04EC0-301F-11D3-BF4B-00C04F79EFBC}") = "Sochckr.Web.Tests", "Sochckr.Web.Tests\Sochckr.Web.Tests.csproj", "{29D31F9D-722D-4ADD-B16A-0C0551816BB5}"
EndProject
Project("{FAE04EC0-301F-11D3-BF4B-00C04F79EFBC}") = "Sochckr.PostsChecker", "Sochckr.PostsChecker\Sochckr.PostsChecker.csproj", "{9B6B9484-406B-4E9B-B9DA-03150F0680E0}"
EndProject
Global
	GlobalSection(SolutionConfigurationPlatforms) = preSolution
		Debug|Any CPU = Debug|Any CPU
		Release|Any CPU = Release|Any CPU
	EndGlobalSection
	GlobalSection(ProjectConfigurationPlatforms) = postSolution
		{C103107D-167A-4770-96F2-D8499EEC6536}.Debug|Any CPU.ActiveCfg = Debug|Any CPU
		{C103107D-167A-4770-96F2-D8499EEC6536}.Debug|Any CPU.Build.0 = Debug|Any CPU
		{C103107D-167A-4770-96F2-D8499EEC6536}.Release|Any CPU.ActiveCfg = Release|Any CPU
		{C103107D-167A-4770-96F2-D8499EEC6536}.Release|Any CPU.Build.0 = Release|Any CPU
		{29D31F9D-722D-4ADD-B16A-0C0551816BB5}.Debug|Any CPU.ActiveCfg = Debug|Any CPU
		{29D31F9D-722D-4ADD-B16A-0C0551816BB5}.Debug|Any CPU.Build.0 = Debug|Any CPU
		{29D31F9D-722D-4ADD-B16A-0C0551816BB5}.Release|Any CPU.ActiveCfg = Release|Any CPU
		{29D31F9D-722D-4ADD-B16A-0C0551816BB5}.Release|Any CPU.Build.0 = Release|Any CPU
		{9B6B9484-406B-4E9B-B9DA-03150F0680E0}.Debug|Any CPU.ActiveCfg = Debug|Any CPU
		{9B6B9484-406B-4E9B-B9DA-03150F0680E0}.Debug|Any CPU.Build.0 = Debug|Any CPU
		{9B6B9484-406B-4E9B-B9DA-03150F0680E0}.Release|Any CPU.ActiveCfg = Release|Any CPU
		{9B6B9484-406B-4E9B-B9DA-03150F0680E0}.Release|Any CPU.Build.0 = Release|Any CPU
	EndGlobalSection
	GlobalSection(SolutionProperties) = preSolution
		HideSolutionNode = FALSE
	EndGlobalSection
	GlobalSection(ExtensibilityGlobals) = postSolution
		SolutionGuid = {F151E5A7-35F8-410E-BFE4-BCCC0AAD2B3F}
	EndGlobalSection
EndGlobal
